
Microsoft Visual Studio Solution File, Format Version 12.00
# Visual Studio Version 17
VisualStudioVersion = 17.9.34902.65
MinimumVisualStudioVersion = 10.0.40219.1
Project("{FAE04EC0-301F-11D3-BF4B-00C04F79EFBC}") = "exercises", "exercises\exercises.csproj", "{912AF2E6-9E36-4D88-BE27-DEDB7404621A}"
EndProject
Global
	GlobalSection(SolutionConfigurationPlatforms) = preSolution
		Debug|Any CPU = Debug|Any CPU
		Release|Any CPU = Release|Any CPU
	EndGlobalSection
	GlobalSection(ProjectConfigurationPlatforms) = postSolution
		{912AF2E6-9E36-4D88-BE27-DEDB7404621A}.Debug|Any CPU.ActiveCfg = Debug|Any CPU
		{912AF2E6-9E36-4D88-BE27-DEDB7404621A}.Debug|Any CPU.Build.0 = Debug|Any CPU
		{912AF2E6-9E36-4D88-BE27-DEDB7404621A}.Release|Any CPU.ActiveCfg = Release|Any CPU
		{912AF2E6-9E36-4D88-BE27-DEDB7404621A}.Release|Any CPU.Build.0 = Release|Any CPU
	EndGlobalSection
	GlobalSection(SolutionProperties) = preSolution
		HideSolutionNode = FALSE
	EndGlobalSection
	GlobalSection(ExtensibilityGlobals) = postSolution
		SolutionGuid = {998E4535-AF7D-47A9-9898-FD919635F3B7}
	EndGlobalSection
EndGlobal
